
Microsoft Visual Studio Solution File, Format Version 12.00
# Visual Studio 15
VisualStudioVersion = 15.0.26730.12
MinimumVisualStudioVersion = 10.0.40219.1
Project("{FAE04EC0-301F-11D3-BF4B-00C04F79EFBC}") = "EfCoreSqlite.Android", "EfCoreSqlite\EfCoreSqlite.Android\EfCoreSqlite.Android.csproj", "{792FC757-49B9-4FFF-8470-719C6C70A5C7}"
EndProject
Project("{FAE04EC0-301F-11D3-BF4B-00C04F79EFBC}") = "EfCoreSqlite", "EfCoreSqlite\EfCoreSqlite\EfCoreSqlite.csproj", "{E08E6F2D-6943-40B4-9B8E-549B11453637}"
EndProject
Project("{FAE04EC0-301F-11D3-BF4B-00C04F79EFBC}") = "EfCoreSqlite.UWP", "EfCoreSqlite\EfCoreSqlite.UWP\EfCoreSqlite.UWP.csproj", "{C260AB0F-C843-40FA-BBEC-C10A2E106674}"
EndProject
Project("{FAE04EC0-301F-11D3-BF4B-00C04F79EFBC}") = "EfCoreSqlite.iOS", "EfCoreSqlite\EfCoreSqlite.iOS\EfCoreSqlite.iOS.csproj", "{1E125727-7D04-4A56-B3DD-F5E4055B451A}"
EndProject
Project("{FAE04EC0-301F-11D3-BF4B-00C04F79EFBC}") = "EfCoreSqlite.Database", "EfCoreSqlite\EfCoreSqlite.Database\EfCoreSqlite.Database.csproj", "{BCC08A0F-DF02-43EF-B046-9AF66B3C5976}"
EndProject
Global
	GlobalSection(SolutionConfigurationPlatforms) = preSolution
		Ad-Hoc|Any CPU = Ad-Hoc|Any CPU
		Ad-Hoc|ARM = Ad-Hoc|ARM
		Ad-Hoc|iPhone = Ad-Hoc|iPhone
		Ad-Hoc|iPhoneSimulator = Ad-Hoc|iPhoneSimulator
		Ad-Hoc|x64 = Ad-Hoc|x64
		Ad-Hoc|x86 = Ad-Hoc|x86
		AppStore|Any CPU = AppStore|Any CPU
		AppStore|ARM = AppStore|ARM
		AppStore|iPhone = AppStore|iPhone
		AppStore|iPhoneSimulator = AppStore|iPhoneSimulator
		AppStore|x64 = AppStore|x64
		AppStore|x86 = AppStore|x86
		Debug|Any CPU = Debug|Any CPU
		Debug|ARM = Debug|ARM
		Debug|iPhone = Debug|iPhone
		Debug|iPhoneSimulator = Debug|iPhoneSimulator
		Debug|x64 = Debug|x64
		Debug|x86 = Debug|x86
		Release|Any CPU = Release|Any CPU
		Release|ARM = Release|ARM
		Release|iPhone = Release|iPhone
		Release|iPhoneSimulator = Release|iPhoneSimulator
		Release|x64 = Release|x64
		Release|x86 = Release|x86
	EndGlobalSection
	GlobalSection(ProjectConfigurationPlatforms) = postSolution
		{792FC757-49B9-4FFF-8470-719C6C70A5C7}.Ad-Hoc|Any CPU.ActiveCfg = Release|Any CPU
		{792FC757-49B9-4FFF-8470-719C6C70A5C7}.Ad-Hoc|Any CPU.Build.0 = Release|Any CPU
		{792FC757-49B9-4FFF-8470-719C6C70A5C7}.Ad-Hoc|Any CPU.Deploy.0 = Release|Any CPU
		{792FC757-49B9-4FFF-8470-719C6C70A5C7}.Ad-Hoc|ARM.ActiveCfg = Release|Any CPU
		{792FC757-49B9-4FFF-8470-719C6C70A5C7}.Ad-Hoc|ARM.Build.0 = Release|Any CPU
		{792FC757-49B9-4FFF-8470-719C6C70A5C7}.Ad-Hoc|ARM.Deploy.0 = Release|Any CPU
		{792FC757-49B9-4FFF-8470-719C6C70A5C7}.Ad-Hoc|iPhone.ActiveCfg = Release|Any CPU
		{792FC757-49B9-4FFF-8470-719C6C70A5C7}.Ad-Hoc|iPhone.Build.0 = Release|Any CPU
		{792FC757-49B9-4FFF-8470-719C6C70A5C7}.Ad-Hoc|iPhone.Deploy.0 = Release|Any CPU
		{792FC757-49B9-4FFF-8470-719C6C70A5C7}.Ad-Hoc|iPhoneSimulator.ActiveCfg = Release|Any CPU
		{792FC757-49B9-4FFF-8470-719C6C70A5C7}.Ad-Hoc|iPhoneSimulator.Build.0 = Release|Any CPU
		{792FC757-49B9-4FFF-8470-719C6C70A5C7}.Ad-Hoc|iPhoneSimulator.Deploy.0 = Release|Any CPU
		{792FC757-49B9-4FFF-8470-719C6C70A5C7}.Ad-Hoc|x64.ActiveCfg = Release|Any CPU
		{792FC757-49B9-4FFF-8470-719C6C70A5C7}.Ad-Hoc|x64.Build.0 = Release|Any CPU
		{792FC757-49B9-4FFF-8470-719C6C70A5C7}.Ad-Hoc|x64.Deploy.0 = Release|Any CPU
		{792FC757-49B9-4FFF-8470-719C6C70A5C7}.Ad-Hoc|x86.ActiveCfg = Release|Any CPU
		{792FC757-49B9-4FFF-8470-719C6C70A5C7}.Ad-Hoc|x86.Build.0 = Release|Any CPU
		{792FC757-49B9-4FFF-8470-719C6C70A5C7}.Ad-Hoc|x86.Deploy.0 = Release|Any CPU
		{792FC757-49B9-4FFF-8470-719C6C70A5C7}.AppStore|Any CPU.ActiveCfg = Release|Any CPU
		{792FC757-49B9-4FFF-8470-719C6C70A5C7}.AppStore|Any CPU.Build.0 = Release|Any CPU
		{792FC757-49B9-4FFF-8470-719C6C70A5C7}.AppStore|Any CPU.Deploy.0 = Release|Any CPU
		{792FC757-49B9-4FFF-8470-719C6C70A5C7}.AppStore|ARM.ActiveCfg = Release|Any CPU
		{792FC757-49B9-4FFF-8470-719C6C70A5C7}.AppStore|ARM.Build.0 = Release|Any CPU
		{792FC757-49B9-4FFF-8470-719C6C70A5C7}.AppStore|ARM.Deploy.0 = Release|Any CPU
		{792FC757-49B9-4FFF-8470-719C6C70A5C7}.AppStore|iPhone.ActiveCfg = Release|Any CPU
		{792FC757-49B9-4FFF-8470-719C6C70A5C7}.AppStore|iPhone.Build.0 = Release|Any CPU
		{792FC757-49B9-4FFF-8470-719C6C70A5C7}.AppStore|iPhone.Deploy.0 = Release|Any CPU
		{792FC757-49B9-4FFF-8470-719C6C70A5C7}.AppStore|iPhoneSimulator.ActiveCfg = Release|Any CPU
		{792FC757-49B9-4FFF-8470-719C6C70A5C7}.AppStore|iPhoneSimulator.Build.0 = Release|Any CPU
		{792FC757-49B9-4FFF-8470-719C6C70A5C7}.AppStore|iPhoneSimulator.Deploy.0 = Release|Any CPU
		{792FC757-49B9-4FFF-8470-719C6C70A5C7}.AppStore|x64.ActiveCfg = Release|Any CPU
		{792FC757-49B9-4FFF-8470-719C6C70A5C7}.AppStore|x64.Build.0 = Release|Any CPU
		{792FC757-49B9-4FFF-8470-719C6C70A5C7}.AppStore|x64.Deploy.0 = Release|Any CPU
		{792FC757-49B9-4FFF-8470-719C6C70A5C7}.AppStore|x86.ActiveCfg = Release|Any CPU
		{792FC757-49B9-4FFF-8470-719C6C70A5C7}.AppStore|x86.Build.0 = Release|Any CPU
		{792FC757-49B9-4FFF-8470-719C6C70A5C7}.AppStore|x86.Deploy.0 = Release|Any CPU
		{792FC757-49B9-4FFF-8470-719C6C70A5C7}.Debug|Any CPU.ActiveCfg = Debug|Any CPU
		{792FC757-49B9-4FFF-8470-719C6C70A5C7}.Debug|Any CPU.Build.0 = Debug|Any CPU
		{792FC757-49B9-4FFF-8470-719C6C70A5C7}.Debug|Any CPU.Deploy.0 = Debug|Any CPU
		{792FC757-49B9-4FFF-8470-719C6C70A5C7}.Debug|ARM.ActiveCfg = Debug|Any CPU
		{792FC757-49B9-4FFF-8470-719C6C70A5C7}.Debug|ARM.Build.0 = Debug|Any CPU
		{792FC757-49B9-4FFF-8470-719C6C70A5C7}.Debug|ARM.Deploy.0 = Debug|Any CPU
		{792FC757-49B9-4FFF-8470-719C6C70A5C7}.Debug|iPhone.ActiveCfg = Debug|Any CPU
		{792FC757-49B9-4FFF-8470-719C6C70A5C7}.Debug|iPhone.Build.0 = Debug|Any CPU
		{792FC757-49B9-4FFF-8470-719C6C70A5C7}.Debug|iPhone.Deploy.0 = Debug|Any CPU
		{792FC757-49B9-4FFF-8470-719C6C70A5C7}.Debug|iPhoneSimulator.ActiveCfg = Debug|Any CPU
		{792FC757-49B9-4FFF-8470-719C6C70A5C7}.Debug|iPhoneSimulator.Build.0 = Debug|Any CPU
		{792FC757-49B9-4FFF-8470-719C6C70A5C7}.Debug|iPhoneSimulator.Deploy.0 = Debug|Any CPU
		{792FC757-49B9-4FFF-8470-719C6C70A5C7}.Debug|x64.ActiveCfg = Debug|Any CPU
		{792FC757-49B9-4FFF-8470-719C6C70A5C7}.Debug|x64.Build.0 = Debug|Any CPU
		{792FC757-49B9-4FFF-8470-719C6C70A5C7}.Debug|x64.Deploy.0 = Debug|Any CPU
		{792FC757-49B9-4FFF-8470-719C6C70A5C7}.Debug|x86.ActiveCfg = Debug|Any CPU
		{792FC757-49B9-4FFF-8470-719C6C70A5C7}.Debug|x86.Build.0 = Debug|Any CPU
		{792FC757-49B9-4FFF-8470-719C6C70A5C7}.Debug|x86.Deploy.0 = Debug|Any CPU
		{792FC757-49B9-4FFF-8470-719C6C70A5C7}.Release|Any CPU.ActiveCfg = Release|Any CPU
		{792FC757-49B9-4FFF-8470-719C6C70A5C7}.Release|Any CPU.Build.0 = Release|Any CPU
		{792FC757-49B9-4FFF-8470-719C6C70A5C7}.Release|Any CPU.Deploy.0 = Release|Any CPU
		{792FC757-49B9-4FFF-8470-719C6C70A5C7}.Release|ARM.ActiveCfg = Release|Any CPU
		{792FC757-49B9-4FFF-8470-719C6C70A5C7}.Release|ARM.Build.0 = Release|Any CPU
		{792FC757-49B9-4FFF-8470-719C6C70A5C7}.Release|ARM.Deploy.0 = Release|Any CPU
		{792FC757-49B9-4FFF-8470-719C6C70A5C7}.Release|iPhone.ActiveCfg = Release|Any CPU
		{792FC757-49B9-4FFF-8470-719C6C70A5C7}.Release|iPhone.Build.0 = Release|Any CPU
		{792FC757-49B9-4FFF-8470-719C6C70A5C7}.Release|iPhone.Deploy.0 = Release|Any CPU
		{792FC757-49B9-4FFF-8470-719C6C70A5C7}.Release|iPhoneSimulator.ActiveCfg = Release|Any CPU
		{792FC757-49B9-4FFF-8470-719C6C70A5C7}.Release|iPhoneSimulator.Build.0 = Release|Any CPU
		{792FC757-49B9-4FFF-8470-719C6C70A5C7}.Release|iPhoneSimulator.Deploy.0 = Release|Any CPU
		{792FC757-49B9-4FFF-8470-719C6C70A5C7}.Release|x64.ActiveCfg = Release|Any CPU
		{792FC757-49B9-4FFF-8470-719C6C70A5C7}.Release|x64.Build.0 = Release|Any CPU
		{792FC757-49B9-4FFF-8470-719C6C70A5C7}.Release|x64.Deploy.0 = Release|Any CPU
		{792FC757-49B9-4FFF-8470-719C6C70A5C7}.Release|x86.ActiveCfg = Release|Any CPU
		{792FC757-49B9-4FFF-8470-719C6C70A5C7}.Release|x86.Build.0 = Release|Any CPU
		{792FC757-49B9-4FFF-8470-719C6C70A5C7}.Release|x86.Deploy.0 = Release|Any CPU
		{E08E6F2D-6943-40B4-9B8E-549B11453637}.Ad-Hoc|Any CPU.ActiveCfg = Release|Any CPU
		{E08E6F2D-6943-40B4-9B8E-549B11453637}.Ad-Hoc|Any CPU.Build.0 = Release|Any CPU
		{E08E6F2D-6943-40B4-9B8E-549B11453637}.Ad-Hoc|ARM.ActiveCfg = Release|Any CPU
		{E08E6F2D-6943-40B4-9B8E-549B11453637}.Ad-Hoc|ARM.Build.0 = Release|Any CPU
		{E08E6F2D-6943-40B4-9B8E-549B11453637}.Ad-Hoc|iPhone.ActiveCfg = Release|Any CPU
		{E08E6F2D-6943-40B4-9B8E-549B11453637}.Ad-Hoc|iPhone.Build.0 = Release|Any CPU
		{E08E6F2D-6943-40B4-9B8E-549B11453637}.Ad-Hoc|iPhoneSimulator.ActiveCfg = Release|Any CPU
		{E08E6F2D-6943-40B4-9B8E-549B11453637}.Ad-Hoc|iPhoneSimulator.Build.0 = Release|Any CPU
		{E08E6F2D-6943-40B4-9B8E-549B11453637}.Ad-Hoc|x64.ActiveCfg = Release|Any CPU
		{E08E6F2D-6943-40B4-9B8E-549B11453637}.Ad-Hoc|x64.Build.0 = Release|Any CPU
		{E08E6F2D-6943-40B4-9B8E-549B11453637}.Ad-Hoc|x86.ActiveCfg = Release|Any CPU
		{E08E6F2D-6943-40B4-9B8E-549B11453637}.Ad-Hoc|x86.Build.0 = Release|Any CPU
		{E08E6F2D-6943-40B4-9B8E-549B11453637}.AppStore|Any CPU.ActiveCfg = Release|Any CPU
		{E08E6F2D-6943-40B4-9B8E-549B11453637}.AppStore|Any CPU.Build.0 = Release|Any CPU
		{E08E6F2D-6943-40B4-9B8E-549B11453637}.AppStore|ARM.ActiveCfg = Release|Any CPU
		{E08E6F2D-6943-40B4-9B8E-549B11453637}.AppStore|ARM.Build.0 = Release|Any CPU
		{E08E6F2D-6943-40B4-9B8E-549B11453637}.AppStore|iPhone.ActiveCfg = Release|Any CPU
		{E08E6F2D-6943-40B4-9B8E-549B11453637}.AppStore|iPhone.Build.0 = Release|Any CPU
		{E08E6F2D-6943-40B4-9B8E-549B11453637}.AppStore|iPhoneSimulator.ActiveCfg = Release|Any CPU
		{E08E6F2D-6943-40B4-9B8E-549B11453637}.AppStore|iPhoneSimulator.Build.0 = Release|Any CPU
		{E08E6F2D-6943-40B4-9B8E-549B11453637}.AppStore|x64.ActiveCfg = Release|Any CPU
		{E08E6F2D-6943-40B4-9B8E-549B11453637}.AppStore|x64.Build.0 = Release|Any CPU
		{E08E6F2D-6943-40B4-9B8E-549B11453637}.AppStore|x86.ActiveCfg = Release|Any CPU
		{E08E6F2D-6943-40B4-9B8E-549B11453637}.AppStore|x86.Build.0 = Release|Any CPU
		{E08E6F2D-6943-40B4-9B8E-549B11453637}.Debug|Any CPU.ActiveCfg = Debug|Any CPU
		{E08E6F2D-6943-40B4-9B8E-549B11453637}.Debug|Any CPU.Build.0 = Debug|Any CPU
		{E08E6F2D-6943-40B4-9B8E-549B11453637}.Debug|ARM.ActiveCfg = Debug|Any CPU
		{E08E6F2D-6943-40B4-9B8E-549B11453637}.Debug|ARM.Build.0 = Debug|Any CPU
		{E08E6F2D-6943-40B4-9B8E-549B11453637}.Debug|iPhone.ActiveCfg = Debug|Any CPU
		{E08E6F2D-6943-40B4-9B8E-549B11453637}.Debug|iPhone.Build.0 = Debug|Any CPU
		{E08E6F2D-6943-40B4-9B8E-549B11453637}.Debug|iPhoneSimulator.ActiveCfg = Debug|Any CPU
		{E08E6F2D-6943-40B4-9B8E-549B11453637}.Debug|iPhoneSimulator.Build.0 = Debug|Any CPU
		{E08E6F2D-6943-40B4-9B8E-549B11453637}.Debug|x64.ActiveCfg = Debug|Any CPU
		{E08E6F2D-6943-40B4-9B8E-549B11453637}.Debug|x64.Build.0 = Debug|Any CPU
		{E08E6F2D-6943-40B4-9B8E-549B11453637}.Debug|x86.ActiveCfg = Debug|Any CPU
		{E08E6F2D-6943-40B4-9B8E-549B11453637}.Debug|x86.Build.0 = Debug|Any CPU
		{E08E6F2D-6943-40B4-9B8E-549B11453637}.Release|Any CPU.ActiveCfg = Release|Any CPU
		{E08E6F2D-6943-40B4-9B8E-549B11453637}.Release|Any CPU.Build.0 = Release|Any CPU
		{E08E6F2D-6943-40B4-9B8E-549B11453637}.Release|ARM.ActiveCfg = Release|Any CPU
		{E08E6F2D-6943-40B4-9B8E-549B11453637}.Release|ARM.Build.0 = Release|Any CPU
		{E08E6F2D-6943-40B4-9B8E-549B11453637}.Release|iPhone.ActiveCfg = Release|Any CPU
		{E08E6F2D-6943-40B4-9B8E-549B11453637}.Release|iPhone.Build.0 = Release|Any CPU
		{E08E6F2D-6943-40B4-9B8E-549B11453637}.Release|iPhoneSimulator.ActiveCfg = Release|Any CPU
		{E08E6F2D-6943-40B4-9B8E-549B11453637}.Release|iPhoneSimulator.Build.0 = Release|Any CPU
		{E08E6F2D-6943-40B4-9B8E-549B11453637}.Release|x64.ActiveCfg = Release|Any CPU
		{E08E6F2D-6943-40B4-9B8E-549B11453637}.Release|x64.Build.0 = Release|Any CPU
		{E08E6F2D-6943-40B4-9B8E-549B11453637}.Release|x86.ActiveCfg = Release|Any CPU
		{E08E6F2D-6943-40B4-9B8E-549B11453637}.Release|x86.Build.0 = Release|Any CPU
		{C260AB0F-C843-40FA-BBEC-C10A2E106674}.Ad-Hoc|Any CPU.ActiveCfg = Release|x86
		{C260AB0F-C843-40FA-BBEC-C10A2E106674}.Ad-Hoc|Any CPU.Build.0 = Release|x86
		{C260AB0F-C843-40FA-BBEC-C10A2E106674}.Ad-Hoc|Any CPU.Deploy.0 = Release|x86
		{C260AB0F-C843-40FA-BBEC-C10A2E106674}.Ad-Hoc|ARM.ActiveCfg = Release|ARM
		{C260AB0F-C843-40FA-BBEC-C10A2E106674}.Ad-Hoc|ARM.Build.0 = Release|ARM
		{C260AB0F-C843-40FA-BBEC-C10A2E106674}.Ad-Hoc|ARM.Deploy.0 = Release|ARM
		{C260AB0F-C843-40FA-BBEC-C10A2E106674}.Ad-Hoc|iPhone.ActiveCfg = Release|x86
		{C260AB0F-C843-40FA-BBEC-C10A2E106674}.Ad-Hoc|iPhone.Build.0 = Release|x86
		{C260AB0F-C843-40FA-BBEC-C10A2E106674}.Ad-Hoc|iPhone.Deploy.0 = Release|x86
		{C260AB0F-C843-40FA-BBEC-C10A2E106674}.Ad-Hoc|iPhoneSimulator.ActiveCfg = Release|x86
		{C260AB0F-C843-40FA-BBEC-C10A2E106674}.Ad-Hoc|iPhoneSimulator.Build.0 = Release|x86
		{C260AB0F-C843-40FA-BBEC-C10A2E106674}.Ad-Hoc|iPhoneSimulator.Deploy.0 = Release|x86
		{C260AB0F-C843-40FA-BBEC-C10A2E106674}.Ad-Hoc|x64.ActiveCfg = Release|x64
		{C260AB0F-C843-40FA-BBEC-C10A2E106674}.Ad-Hoc|x64.Build.0 = Release|x64
		{C260AB0F-C843-40FA-BBEC-C10A2E106674}.Ad-Hoc|x64.Deploy.0 = Release|x64
		{C260AB0F-C843-40FA-BBEC-C10A2E106674}.Ad-Hoc|x86.ActiveCfg = Release|x86
		{C260AB0F-C843-40FA-BBEC-C10A2E106674}.Ad-Hoc|x86.Build.0 = Release|x86
		{C260AB0F-C843-40FA-BBEC-C10A2E106674}.Ad-Hoc|x86.Deploy.0 = Release|x86
		{C260AB0F-C843-40FA-BBEC-C10A2E106674}.AppStore|Any CPU.ActiveCfg = Release|x86
		{C260AB0F-C843-40FA-BBEC-C10A2E106674}.AppStore|Any CPU.Build.0 = Release|x86
		{C260AB0F-C843-40FA-BBEC-C10A2E106674}.AppStore|Any CPU.Deploy.0 = Release|x86
		{C260AB0F-C843-40FA-BBEC-C10A2E106674}.AppStore|ARM.ActiveCfg = Release|ARM
		{C260AB0F-C843-40FA-BBEC-C10A2E106674}.AppStore|ARM.Build.0 = Release|ARM
		{C260AB0F-C843-40FA-BBEC-C10A2E106674}.AppStore|ARM.Deploy.0 = Release|ARM
		{C260AB0F-C843-40FA-BBEC-C10A2E106674}.AppStore|iPhone.ActiveCfg = Release|x86
		{C260AB0F-C843-40FA-BBEC-C10A2E106674}.AppStore|iPhone.Build.0 = Release|x86
		{C260AB0F-C843-40FA-BBEC-C10A2E106674}.AppStore|iPhone.Deploy.0 = Release|x86
		{C260AB0F-C843-40FA-BBEC-C10A2E106674}.AppStore|iPhoneSimulator.ActiveCfg = Release|x86
		{C260AB0F-C843-40FA-BBEC-C10A2E106674}.AppStore|iPhoneSimulator.Build.0 = Release|x86
		{C260AB0F-C843-40FA-BBEC-C10A2E106674}.AppStore|iPhoneSimulator.Deploy.0 = Release|x86
		{C260AB0F-C843-40FA-BBEC-C10A2E106674}.AppStore|x64.ActiveCfg = Release|x64
		{C260AB0F-C843-40FA-BBEC-C10A2E106674}.AppStore|x64.Build.0 = Release|x64
		{C260AB0F-C843-40FA-BBEC-C10A2E106674}.AppStore|x64.Deploy.0 = Release|x64
		{C260AB0F-C843-40FA-BBEC-C10A2E106674}.AppStore|x86.ActiveCfg = Release|x86
		{C260AB0F-C843-40FA-BBEC-C10A2E106674}.AppStore|x86.Build.0 = Release|x86
		{C260AB0F-C843-40FA-BBEC-C10A2E106674}.AppStore|x86.Deploy.0 = Release|x86
		{C260AB0F-C843-40FA-BBEC-C10A2E106674}.Debug|Any CPU.ActiveCfg = Debug|x86
		{C260AB0F-C843-40FA-BBEC-C10A2E106674}.Debug|ARM.ActiveCfg = Debug|ARM
		{C260AB0F-C843-40FA-BBEC-C10A2E106674}.Debug|ARM.Build.0 = Debug|ARM
		{C260AB0F-C843-40FA-BBEC-C10A2E106674}.Debug|ARM.Deploy.0 = Debug|ARM
		{C260AB0F-C843-40FA-BBEC-C10A2E106674}.Debug|iPhone.ActiveCfg = Debug|x86
		{C260AB0F-C843-40FA-BBEC-C10A2E106674}.Debug|iPhoneSimulator.ActiveCfg = Debug|x86
		{C260AB0F-C843-40FA-BBEC-C10A2E106674}.Debug|x64.ActiveCfg = Debug|x64
		{C260AB0F-C843-40FA-BBEC-C10A2E106674}.Debug|x64.Build.0 = Debug|x64
		{C260AB0F-C843-40FA-BBEC-C10A2E106674}.Debug|x64.Deploy.0 = Debug|x64
		{C260AB0F-C843-40FA-BBEC-C10A2E106674}.Debug|x86.ActiveCfg = Debug|x86
		{C260AB0F-C843-40FA-BBEC-C10A2E106674}.Debug|x86.Build.0 = Debug|x86
		{C260AB0F-C843-40FA-BBEC-C10A2E106674}.Debug|x86.Deploy.0 = Debug|x86
		{C260AB0F-C843-40FA-BBEC-C10A2E106674}.Release|Any CPU.ActiveCfg = Release|x86
		{C260AB0F-C843-40FA-BBEC-C10A2E106674}.Release|ARM.ActiveCfg = Release|ARM
		{C260AB0F-C843-40FA-BBEC-C10A2E106674}.Release|ARM.Build.0 = Release|ARM
		{C260AB0F-C843-40FA-BBEC-C10A2E106674}.Release|ARM.Deploy.0 = Release|ARM
		{C260AB0F-C843-40FA-BBEC-C10A2E106674}.Release|iPhone.ActiveCfg = Release|x86
		{C260AB0F-C843-40FA-BBEC-C10A2E106674}.Release|iPhoneSimulator.ActiveCfg = Release|x86
		{C260AB0F-C843-40FA-BBEC-C10A2E106674}.Release|x64.ActiveCfg = Release|x64
		{C260AB0F-C843-40FA-BBEC-C10A2E106674}.Release|x64.Build.0 = Release|x64
		{C260AB0F-C843-40FA-BBEC-C10A2E106674}.Release|x64.Deploy.0 = Release|x64
		{C260AB0F-C843-40FA-BBEC-C10A2E106674}.Release|x86.ActiveCfg = Release|x86
		{C260AB0F-C843-40FA-BBEC-C10A2E106674}.Release|x86.Build.0 = Release|x86
		{C260AB0F-C843-40FA-BBEC-C10A2E106674}.Release|x86.Deploy.0 = Release|x86
		{1E125727-7D04-4A56-B3DD-F5E4055B451A}.Ad-Hoc|Any CPU.ActiveCfg = Ad-Hoc|iPhone
		{1E125727-7D04-4A56-B3DD-F5E4055B451A}.Ad-Hoc|ARM.ActiveCfg = Ad-Hoc|iPhone
		{1E125727-7D04-4A56-B3DD-F5E4055B451A}.Ad-Hoc|iPhone.ActiveCfg = Ad-Hoc|iPhone
		{1E125727-7D04-4A56-B3DD-F5E4055B451A}.Ad-Hoc|iPhone.Build.0 = Ad-Hoc|iPhone
		{1E125727-7D04-4A56-B3DD-F5E4055B451A}.Ad-Hoc|iPhoneSimulator.ActiveCfg = Ad-Hoc|iPhoneSimulator
		{1E125727-7D04-4A56-B3DD-F5E4055B451A}.Ad-Hoc|iPhoneSimulator.Build.0 = Ad-Hoc|iPhoneSimulator
		{1E125727-7D04-4A56-B3DD-F5E4055B451A}.Ad-Hoc|x64.ActiveCfg = Ad-Hoc|iPhone
		{1E125727-7D04-4A56-B3DD-F5E4055B451A}.Ad-Hoc|x86.ActiveCfg = Ad-Hoc|iPhone
		{1E125727-7D04-4A56-B3DD-F5E4055B451A}.AppStore|Any CPU.ActiveCfg = AppStore|iPhone
		{1E125727-7D04-4A56-B3DD-F5E4055B451A}.AppStore|ARM.ActiveCfg = AppStore|iPhone
		{1E125727-7D04-4A56-B3DD-F5E4055B451A}.AppStore|iPhone.ActiveCfg = AppStore|iPhone
		{1E125727-7D04-4A56-B3DD-F5E4055B451A}.AppStore|iPhone.Build.0 = AppStore|iPhone
		{1E125727-7D04-4A56-B3DD-F5E4055B451A}.AppStore|iPhoneSimulator.ActiveCfg = AppStore|iPhoneSimulator
		{1E125727-7D04-4A56-B3DD-F5E4055B451A}.AppStore|iPhoneSimulator.Build.0 = AppStore|iPhoneSimulator
		{1E125727-7D04-4A56-B3DD-F5E4055B451A}.AppStore|x64.ActiveCfg = AppStore|iPhone
		{1E125727-7D04-4A56-B3DD-F5E4055B451A}.AppStore|x86.ActiveCfg = AppStore|iPhone
		{1E125727-7D04-4A56-B3DD-F5E4055B451A}.Debug|Any CPU.ActiveCfg = Debug|iPhone
		{1E125727-7D04-4A56-B3DD-F5E4055B451A}.Debug|ARM.ActiveCfg = Debug|iPhone
		{1E125727-7D04-4A56-B3DD-F5E4055B451A}.Debug|iPhone.ActiveCfg = Debug|iPhone
		{1E125727-7D04-4A56-B3DD-F5E4055B451A}.Debug|iPhone.Build.0 = Debug|iPhone
		{1E125727-7D04-4A56-B3DD-F5E4055B451A}.Debug|iPhoneSimulator.ActiveCfg = Debug|iPhoneSimulator
		{1E125727-7D04-4A56-B3DD-F5E4055B451A}.Debug|iPhoneSimulator.Build.0 = Debug|iPhoneSimulator
		{1E125727-7D04-4A56-B3DD-F5E4055B451A}.Debug|x64.ActiveCfg = Debug|iPhone
		{1E125727-7D04-4A56-B3DD-F5E4055B451A}.Debug|x86.ActiveCfg = Debug|iPhone
		{1E125727-7D04-4A56-B3DD-F5E4055B451A}.Release|Any CPU.ActiveCfg = Release|iPhone
		{1E125727-7D04-4A56-B3DD-F5E4055B451A}.Release|ARM.ActiveCfg = Release|iPhone
		{1E125727-7D04-4A56-B3DD-F5E4055B451A}.Release|iPhone.ActiveCfg = Release|iPhone
		{1E125727-7D04-4A56-B3DD-F5E4055B451A}.Release|iPhone.Build.0 = Release|iPhone
		{1E125727-7D04-4A56-B3DD-F5E4055B451A}.Release|iPhoneSimulator.ActiveCfg = Release|iPhoneSimulator
		{1E125727-7D04-4A56-B3DD-F5E4055B451A}.Release|iPhoneSimulator.Build.0 = Release|iPhoneSimulator
		{1E125727-7D04-4A56-B3DD-F5E4055B451A}.Release|x64.ActiveCfg = Release|iPhone
		{1E125727-7D04-4A56-B3DD-F5E4055B451A}.Release|x86.ActiveCfg = Release|iPhone
		{BCC08A0F-DF02-43EF-B046-9AF66B3C5976}.Ad-Hoc|Any CPU.ActiveCfg = Debug|Any CPU
		{BCC08A0F-DF02-43EF-B046-9AF66B3C5976}.Ad-Hoc|Any CPU.Build.0 = Debug|Any CPU
		{BCC08A0F-DF02-43EF-B046-9AF66B3C5976}.Ad-Hoc|ARM.ActiveCfg = Debug|Any CPU
		{BCC08A0F-DF02-43EF-B046-9AF66B3C5976}.Ad-Hoc|ARM.Build.0 = Debug|Any CPU
		{BCC08A0F-DF02-43EF-B046-9AF66B3C5976}.Ad-Hoc|iPhone.ActiveCfg = Debug|Any CPU
		{BCC08A0F-DF02-43EF-B046-9AF66B3C5976}.Ad-Hoc|iPhone.Build.0 = Debug|Any CPU
		{BCC08A0F-DF02-43EF-B046-9AF66B3C5976}.Ad-Hoc|iPhoneSimulator.ActiveCfg = Debug|Any CPU
		{BCC08A0F-DF02-43EF-B046-9AF66B3C5976}.Ad-Hoc|iPhoneSimulator.Build.0 = Debug|Any CPU
		{BCC08A0F-DF02-43EF-B046-9AF66B3C5976}.Ad-Hoc|x64.ActiveCfg = Debug|Any CPU
		{BCC08A0F-DF02-43EF-B046-9AF66B3C5976}.Ad-Hoc|x64.Build.0 = Debug|Any CPU
		{BCC08A0F-DF02-43EF-B046-9AF66B3C5976}.Ad-Hoc|x86.ActiveCfg = Debug|Any CPU
		{BCC08A0F-DF02-43EF-B046-9AF66B3C5976}.Ad-Hoc|x86.Build.0 = Debug|Any CPU
		{BCC08A0F-DF02-43EF-B046-9AF66B3C5976}.AppStore|Any CPU.ActiveCfg = Debug|Any CPU
		{BCC08A0F-DF02-43EF-B046-9AF66B3C5976}.AppStore|Any CPU.Build.0 = Debug|Any CPU
		{BCC08A0F-DF02-43EF-B046-9AF66B3C5976}.AppStore|ARM.ActiveCfg = Debug|Any CPU
		{BCC08A0F-DF02-43EF-B046-9AF66B3C5976}.AppStore|ARM.Build.0 = Debug|Any CPU
		{BCC08A0F-DF02-43EF-B046-9AF66B3C5976}.AppStore|iPhone.ActiveCfg = Debug|Any CPU
		{BCC08A0F-DF02-43EF-B046-9AF66B3C5976}.AppStore|iPhone.Build.0 = Debug|Any CPU
		{BCC08A0F-DF02-43EF-B046-9AF66B3C5976}.AppStore|iPhoneSimulator.ActiveCfg = Debug|Any CPU
		{BCC08A0F-DF02-43EF-B046-9AF66B3C5976}.AppStore|iPhoneSimulator.Build.0 = Debug|Any CPU
		{BCC08A0F-DF02-43EF-B046-9AF66B3C5976}.AppStore|x64.ActiveCfg = Debug|Any CPU
		{BCC08A0F-DF02-43EF-B046-9AF66B3C5976}.AppStore|x64.Build.0 = Debug|Any CPU
		{BCC08A0F-DF02-43EF-B046-9AF66B3C5976}.AppStore|x86.ActiveCfg = Debug|Any CPU
		{BCC08A0F-DF02-43EF-B046-9AF66B3C5976}.AppStore|x86.Build.0 = Debug|Any CPU
		{BCC08A0F-DF02-43EF-B046-9AF66B3C5976}.Debug|Any CPU.ActiveCfg = Debug|Any CPU
		{BCC08A0F-DF02-43EF-B046-9AF66B3C5976}.Debug|Any CPU.Build.0 = Debug|Any CPU
		{BCC08A0F-DF02-43EF-B046-9AF66B3C5976}.Debug|ARM.ActiveCfg = Debug|Any CPU
		{BCC08A0F-DF02-43EF-B046-9AF66B3C5976}.Debug|ARM.Build.0 = Debug|Any CPU
		{BCC08A0F-DF02-43EF-B046-9AF66B3C5976}.Debug|iPhone.ActiveCfg = Debug|Any CPU
		{BCC08A0F-DF02-43EF-B046-9AF66B3C5976}.Debug|iPhone.Build.0 = Debug|Any CPU
		{BCC08A0F-DF02-43EF-B046-9AF66B3C5976}.Debug|iPhoneSimulator.ActiveCfg = Debug|Any CPU
		{BCC08A0F-DF02-43EF-B046-9AF66B3C5976}.Debug|iPhoneSimulator.Build.0 = Debug|Any CPU
		{BCC08A0F-DF02-43EF-B046-9AF66B3C5976}.Debug|x64.ActiveCfg = Debug|Any CPU
		{BCC08A0F-DF02-43EF-B046-9AF66B3C5976}.Debug|x64.Build.0 = Debug|Any CPU
		{BCC08A0F-DF02-43EF-B046-9AF66B3C5976}.Debug|x86.ActiveCfg = Debug|Any CPU
		{BCC08A0F-DF02-43EF-B046-9AF66B3C5976}.Debug|x86.Build.0 = Debug|Any CPU
		{BCC08A0F-DF02-43EF-B046-9AF66B3C5976}.Release|Any CPU.ActiveCfg = Release|Any CPU
		{BCC08A0F-DF02-43EF-B046-9AF66B3C5976}.Release|Any CPU.Build.0 = Release|Any CPU
		{BCC08A0F-DF02-43EF-B046-9AF66B3C5976}.Release|ARM.ActiveCfg = Release|Any CPU
		{BCC08A0F-DF02-43EF-B046-9AF66B3C5976}.Release|ARM.Build.0 = Release|Any CPU
		{BCC08A0F-DF02-43EF-B046-9AF66B3C5976}.Release|iPhone.ActiveCfg = Release|Any CPU
		{BCC08A0F-DF02-43EF-B046-9AF66B3C5976}.Release|iPhone.Build.0 = Release|Any CPU
		{BCC08A0F-DF02-43EF-B046-9AF66B3C5976}.Release|iPhoneSimulator.ActiveCfg = Release|Any CPU
		{BCC08A0F-DF02-43EF-B046-9AF66B3C5976}.Release|iPhoneSimulator.Build.0 = Release|Any CPU
		{BCC08A0F-DF02-43EF-B046-9AF66B3C5976}.Release|x64.ActiveCfg = Release|Any CPU
		{BCC08A0F-DF02-43EF-B046-9AF66B3C5976}.Release|x64.Build.0 = Release|Any CPU
		{BCC08A0F-DF02-43EF-B046-9AF66B3C5976}.Release|x86.ActiveCfg = Release|Any CPU
		{BCC08A0F-DF02-43EF-B046-9AF66B3C5976}.Release|x86.Build.0 = Release|Any CPU
	EndGlobalSection
	GlobalSection(SolutionProperties) = preSolution
		HideSolutionNode = FALSE
	EndGlobalSection
	GlobalSection(ExtensibilityGlobals) = postSolution
		SolutionGuid = {963F0E5C-89BD-4315-BDE4-21B52EBD4E80}
	EndGlobalSection
EndGlobal
